<?xml version="1.0" encoding="utf-8"?>
<Project ToolsVersion="4.0" xmlns="http://schemas.microsoft.com/developer/msbuild/2003">
  <ItemGroup>
    <ClCompile Include="main.cpp" />
    <ClCompile Include="Process.cpp" />
    <ClCompile Include="Buffer.cpp" />
    <ClCompile Include="Bussiness.cpp" />
    <ClCompile Include="MySqlClient.cpp" />
    <ClCompile Include="Epoll.cpp" />
    <ClCompile Include="HttpParser.cpp" />
    <ClCompile Include="http_parser.c" />
    <ClCompile Include="LocalSocket.cpp" />
    <ClCompile Include="Log.cpp" />
    <ClCompile Include="LoggerServer.cpp" />
    <ClCompile Include="PlayerServer.cpp" />
    <ClCompile Include="Server.cpp" />
    <ClCompile Include="Thread.cpp" />
    <ClCompile Include="ThreadPool.cpp" />
  </ItemGroup>
  <ItemGroup>
    <ClInclude Include="FuncionBase.h" />
    <ClInclude Include="Process.h" />
    <ClInclude Include="Buffer.h" />
    <ClInclude Include="Bussiness.h" />
    <ClInclude Include="MySqlClient.h" />
    <ClInclude Include="DataBase.h" />
    <ClInclude Include="Epoll.h" />
    <ClInclude Include="HttpParser.h" />
    <ClInclude Include="http_parser.h" />
    <ClInclude Include="LocalSocket.h" />
    <ClInclude Include="Log.h" />
    <ClInclude Include="LoggerServer.h" />
    <ClInclude Include="PlayerServer.h" />
    <ClInclude Include="Server.h" />
    <ClInclude Include="Thread.h" />
    <ClInclude Include="ThreadPool.h" />
    <ClInclude Include="mysqllib\big_endian.h">
      <Filter>mysqllib</Filter>
    </ClInclude>
    <ClInclude Include="mysqllib\binary_log_types.h">
      <Filter>mysqllib</Filter>
    </ClInclude>
    <ClInclude Include="mysqllib\byte_order_generic.h">
      <Filter>mysqllib</Filter>
    </ClInclude>
    <ClInclude Include="mysqllib\byte_order_generic_x86.h">
      <Filter>mysqllib</Filter>
    </ClInclude>
    <ClInclude Include="mysqllib\decimal.h">
      <Filter>mysqllib</Filter>
    </ClInclude>
    <ClInclude Include="mysqllib\errmsg.h">
      <Filter>mysqllib</Filter>
    </ClInclude>
    <ClInclude Include="mysqllib\keycache.h">
      <Filter>mysqllib</Filter>
    </ClInclude>
    <ClInclude Include="mysqllib\little_endian.h">
      <Filter>mysqllib</Filter>
    </ClInclude>
    <ClInclude Include="mysqllib\m_ctype.h">
      <Filter>mysqllib</Filter>
    </ClInclude>
    <ClInclude Include="mysqllib\m_string.h">
      <Filter>mysqllib</Filter>
    </ClInclude>
    <ClInclude Include="mysqllib\my_alloc.h">
      <Filter>mysqllib</Filter>
    </ClInclude>
    <ClInclude Include="mysqllib\my_byteorder.h">
      <Filter>mysqllib</Filter>
    </ClInclude>
    <ClInclude Include="mysqllib\my_command.h">
      <Filter>mysqllib</Filter>
    </ClInclude>
    <ClInclude Include="mysqllib\my_compiler.h">
      <Filter>mysqllib</Filter>
    </ClInclude>
    <ClInclude Include="mysqllib\my_config.h">
      <Filter>mysqllib</Filter>
    </ClInclude>
    <ClInclude Include="mysqllib\my_dbug.h">
      <Filter>mysqllib</Filter>
    </ClInclude>
    <ClInclude Include="mysqllib\my_dir.h">
      <Filter>mysqllib</Filter>
    </ClInclude>
    <ClInclude Include="mysqllib\my_getopt.h">
      <Filter>mysqllib</Filter>
    </ClInclude>
    <ClInclude Include="mysqllib\my_global.h">
      <Filter>mysqllib</Filter>
    </ClInclude>
    <ClInclude Include="mysqllib\my_list.h">
      <Filter>mysqllib</Filter>
    </ClInclude>
    <ClInclude Include="mysqllib\my_sys.h">
      <Filter>mysqllib</Filter>
    </ClInclude>
    <ClInclude Include="mysqllib\my_thread.h">
      <Filter>mysqllib</Filter>
    </ClInclude>
    <ClInclude Include="mysqllib\my_thread_local.h">
      <Filter>mysqllib</Filter>
    </ClInclude>
    <ClInclude Include="mysqllib\my_xml.h">
      <Filter>mysqllib</Filter>
    </ClInclude>
    <ClInclude Include="mysqllib\mysql.h">
      <Filter>mysqllib</Filter>
    </ClInclude>
    <ClInclude Include="mysqllib\mysql_com.h">
      <Filter>mysqllib</Filter>
    </ClInclude>
    <ClInclude Include="mysqllib\mysql_com_server.h">
      <Filter>mysqllib</Filter>
    </ClInclude>
    <ClInclude Include="mysqllib\mysql_embed.h">
      <Filter>mysqllib</Filter>
    </ClInclude>
    <ClInclude Include="mysqllib\mysql_time.h">
      <Filter>mysqllib</Filter>
    </ClInclude>
    <ClInclude Include="mysqllib\mysql_version.h">
      <Filter>mysqllib</Filter>
    </ClInclude>
    <ClInclude Include="mysqllib\mysqld_ername.h">
      <Filter>mysqllib</Filter>
    </ClInclude>
    <ClInclude Include="mysqllib\mysqld_error.h">
      <Filter>mysqllib</Filter>
    </ClInclude>
    <ClInclude Include="mysqllib\plugin.h">
      <Filter>mysqllib</Filter>
    </ClInclude>
    <ClInclude Include="mysqllib\plugin_audit.h">
      <Filter>mysqllib</Filter>
    </ClInclude>
    <ClInclude Include="mysqllib\plugin_ftparser.h">
      <Filter>mysqllib</Filter>
    </ClInclude>
    <ClInclude Include="mysqllib\plugin_group_replication.h">
      <Filter>mysqllib</Filter>
    </ClInclude>
    <ClInclude Include="mysqllib\plugin_keyring.h">
      <Filter>mysqllib</Filter>
    </ClInclude>
    <ClInclude Include="mysqllib\plugin_validate_password.h">
      <Filter>mysqllib</Filter>
    </ClInclude>
    <ClInclude Include="mysqllib\sql_common.h">
      <Filter>mysqllib</Filter>
    </ClInclude>
    <ClInclude Include="mysqllib\sql_state.h">
      <Filter>mysqllib</Filter>
    </ClInclude>
    <ClInclude Include="mysqllib\sslopt-case.h">
      <Filter>mysqllib</Filter>
    </ClInclude>
    <ClInclude Include="mysqllib\sslopt-longopts.h">
      <Filter>mysqllib</Filter>
    </ClInclude>
    <ClInclude Include="mysqllib\sslopt-vars.h">
      <Filter>mysqllib</Filter>
    </ClInclude>
    <ClInclude Include="mysqllib\thr_cond.h">
      <Filter>mysqllib</Filter>
    </ClInclude>
    <ClInclude Include="mysqllib\thr_mutex.h">
      <Filter>mysqllib</Filter>
    </ClInclude>
    <ClInclude Include="mysqllib\thr_rwlock.h">
      <Filter>mysqllib</Filter>
    </ClInclude>
    <ClInclude Include="mysqllib\typelib.h">
      <Filter>mysqllib</Filter>
    </ClInclude>
    <ClInclude Include="Md5Encode.h" />
  </ItemGroup>
  <ItemGroup>
    <Filter Include="mysqllib">
      <UniqueIdentifier>{5809a0a7-afb7-4380-b6a2-e84f42543854}</UniqueIdentifier>
    </Filter>
  </ItemGroup>
</Project>